
Microsoft Visual Studio Solution File, Format Version 12.00
# Visual Studio Version 17
VisualStudioVersion = 17.12.35527.113 d17.12
MinimumVisualStudioVersion = 10.0.40219.1
Project("{FAE04EC0-301F-11D3-BF4B-00C04F79EFBC}") = "LapStore.DataAccess", "LapStore.DataAccess\LapStore.DataAccess.csproj", "{8036E53B-A846-455B-976A-8EBCE0B7DB6A}"
EndProject
Project("{FAE04EC0-301F-11D3-BF4B-00C04F79EFBC}") = "LapStore.BusinessLogic", "LapStore.BusinessLogic\LapStore.BusinessLogic.csproj", "{ED36249C-97C1-4EA9-BD7E-59DF4C740153}"
EndProject
Project("{FAE04EC0-301F-11D3-BF4B-00C04F79EFBC}") = "LapStore.Presentation", "LapStore.Presentation\LapStore.Presentation.csproj", "{FD515869-D572-4433-9471-8F38E4220E6B}"
EndProject
Global
	GlobalSection(SolutionConfigurationPlatforms) = preSolution
		Debug|Any CPU = Debug|Any CPU
		Release|Any CPU = Release|Any CPU
	EndGlobalSection
	GlobalSection(ProjectConfigurationPlatforms) = postSolution
		{8036E53B-A846-455B-976A-8EBCE0B7DB6A}.Debug|Any CPU.ActiveCfg = Debug|Any CPU
		{8036E53B-A846-455B-976A-8EBCE0B7DB6A}.Debug|Any CPU.Build.0 = Debug|Any CPU
		{8036E53B-A846-455B-976A-8EBCE0B7DB6A}.Release|Any CPU.ActiveCfg = Release|Any CPU
		{8036E53B-A846-455B-976A-8EBCE0B7DB6A}.Release|Any CPU.Build.0 = Release|Any CPU
		{ED36249C-97C1-4EA9-BD7E-59DF4C740153}.Debug|Any CPU.ActiveCfg = Debug|Any CPU
		{ED36249C-97C1-4EA9-BD7E-59DF4C740153}.Debug|Any CPU.Build.0 = Debug|Any CPU
		{ED36249C-97C1-4EA9-BD7E-59DF4C740153}.Release|Any CPU.ActiveCfg = Release|Any CPU
		{ED36249C-97C1-4EA9-BD7E-59DF4C740153}.Release|Any CPU.Build.0 = Release|Any CPU
		{FD515869-D572-4433-9471-8F38E4220E6B}.Debug|Any CPU.ActiveCfg = Debug|Any CPU
		{FD515869-D572-4433-9471-8F38E4220E6B}.Debug|Any CPU.Build.0 = Debug|Any CPU
		{FD515869-D572-4433-9471-8F38E4220E6B}.Release|Any CPU.ActiveCfg = Release|Any CPU
		{FD515869-D572-4433-9471-8F38E4220E6B}.Release|Any CPU.Build.0 = Release|Any CPU
	EndGlobalSection
	GlobalSection(SolutionProperties) = preSolution
		HideSolutionNode = FALSE
	EndGlobalSection
EndGlobal
